# This file is automatically @generated by Cargo.
# It is not intended for manual editing.
[[package]]
name = "aho-corasick"
version = "0.7.13"
source = "registry+https://github.com/rust-lang/crates.io-index"
checksum = "043164d8ba5c4c3035fec9bbee8647c0261d788f3474306f93bb65901cae0e86"
dependencies = [
 "memchr",
]

[[package]]
name = "anyhow"
version = "1.0.32"
source = "registry+https://github.com/rust-lang/crates.io-index"
checksum = "6b602bfe940d21c130f3895acd65221e8a61270debe89d628b9cb4e3ccb8569b"

[[package]]
name = "autocfg"
version = "1.0.1"
source = "registry+https://github.com/rust-lang/crates.io-index"
checksum = "cdb031dd78e28731d87d56cc8ffef4a8f36ca26c38fe2de700543e627f8a464a"

[[package]]
name = "bitflags"
version = "1.2.1"
source = "registry+https://github.com/rust-lang/crates.io-index"
checksum = "cf1de2fe8c75bc145a2f577add951f8134889b4795d47466a54a5c846d691693"

[[package]]
name = "cc"
version = "1.0.60"
source = "registry+https://github.com/rust-lang/crates.io-index"
checksum = "ef611cc68ff783f18535d77ddd080185275713d852c4f5cbb6122c462a7a825c"
dependencies = [
 "jobserver",
]

[[package]]
name = "cfg-if"
version = "0.1.10"
source = "registry+https://github.com/rust-lang/crates.io-index"
checksum = "4785bdd1c96b2a846b2bd7cc02e86b6b3dbf14e7e53446c4f54c92a361040822"

[[package]]
name = "chrono"
version = "0.4.15"
source = "registry+https://github.com/rust-lang/crates.io-index"
checksum = "942f72db697d8767c22d46a598e01f2d3b475501ea43d0db4f16d90259182d0b"
dependencies = [
 "num-integer",
 "num-traits",
 "time",
]

[[package]]
name = "clang"
version = "1.0.1"
source = "registry+https://github.com/rust-lang/crates.io-index"
checksum = "234ad892f6e5fb24637e1420bbb0e1fdb4db3069a54cbcfedc39c80638403ada"
dependencies = [
 "clang-sys",
 "libc",
]

[[package]]
name = "clang-sys"
version = "1.0.0"
source = "registry+https://github.com/rust-lang/crates.io-index"
checksum = "9da1484c6a890e374ca5086062d4847e0a2c1e5eba9afa5d48c09e8eb39b2519"
dependencies = [
 "glob",
 "libc",
]

[[package]]
name = "dunce"
version = "1.0.1"
source = "registry+https://github.com/rust-lang/crates.io-index"
checksum = "b2641c4a7c0c4101df53ea572bffdc561c146f6c2eb09e4df02bc4811e3feeb4"

[[package]]
name = "either"
version = "1.6.1"
source = "registry+https://github.com/rust-lang/crates.io-index"
checksum = "e78d4f1cc4ae33bbfc157ed5d5a5ef3bc29227303d595861deb238fcec4e9457"

[[package]]
name = "futures-channel"
version = "0.3.5"
source = "registry+https://github.com/rust-lang/crates.io-index"
checksum = "f366ad74c28cca6ba456d95e6422883cfb4b252a83bed929c83abfdbbf2967d5"
dependencies = [
 "futures-core",
]

[[package]]
name = "futures-core"
version = "0.3.5"
source = "registry+https://github.com/rust-lang/crates.io-index"
checksum = "59f5fff90fd5d971f936ad674802482ba441b6f09ba5e15fd8b39145582ca399"

[[package]]
name = "futures-executor"
version = "0.3.5"
source = "registry+https://github.com/rust-lang/crates.io-index"
checksum = "10d6bb888be1153d3abeb9006b11b02cf5e9b209fda28693c31ae1e4e012e314"
dependencies = [
 "futures-core",
 "futures-task",
 "futures-util",
]

[[package]]
name = "futures-macro"
version = "0.3.5"
source = "registry+https://github.com/rust-lang/crates.io-index"
checksum = "d0b5a30a4328ab5473878237c447333c093297bded83a4983d10f4deea240d39"
dependencies = [
 "proc-macro-hack",
 "proc-macro2",
 "quote",
 "syn",
]

[[package]]
name = "futures-task"
version = "0.3.5"
source = "registry+https://github.com/rust-lang/crates.io-index"
checksum = "bdb66b5f09e22019b1ab0830f7785bcea8e7a42148683f99214f73f8ec21a626"
dependencies = [
 "once_cell",
]

[[package]]
name = "futures-util"
version = "0.3.5"
source = "registry+https://github.com/rust-lang/crates.io-index"
checksum = "8764574ff08b701a084482c3c7031349104b07ac897393010494beaa18ce32c6"
dependencies = [
 "futures-core",
 "futures-macro",
 "futures-task",
 "pin-project",
 "pin-utils",
 "proc-macro-hack",
 "proc-macro-nested",
 "slab",
]

[[package]]
name = "glib"
version = "0.10.2"
source = "registry+https://github.com/rust-lang/crates.io-index"
checksum = "5f11a45bde4cf9567653a14ff96cdbb01e6d2a89651746dbc118319dfdac433e"
dependencies = [
 "bitflags",
 "futures-channel",
 "futures-core",
 "futures-executor",
 "futures-task",
 "futures-util",
 "glib-macros",
 "glib-sys",
 "gobject-sys",
 "libc",
 "once_cell",
]

[[package]]
name = "glib-macros"
version = "0.10.1"
source = "registry+https://github.com/rust-lang/crates.io-index"
checksum = "41486a26d1366a8032b160b59065a59fb528530a46a49f627e7048fb8c064039"
dependencies = [
 "anyhow",
 "heck",
 "itertools",
 "proc-macro-crate",
 "proc-macro-error",
 "proc-macro2",
 "quote",
 "syn",
]

[[package]]
name = "glib-sys"
version = "0.10.1"
source = "registry+https://github.com/rust-lang/crates.io-index"
checksum = "c7e9b997a66e9a23d073f2b1abb4dbfc3925e0b8952f67efd8d9b6e168e4cdc1"
dependencies = [
 "libc",
 "system-deps",
]

[[package]]
name = "glob"
version = "0.3.0"
source = "registry+https://github.com/rust-lang/crates.io-index"
checksum = "9b919933a397b79c37e33b77bb2aa3dc8eb6e165ad809e58ff75bc7db2e34574"

[[package]]
name = "gobject-sys"
version = "0.10.0"
source = "registry+https://github.com/rust-lang/crates.io-index"
checksum = "952133b60c318a62bf82ee75b93acc7e84028a093e06b9e27981c2b6fe68218c"
dependencies = [
 "glib-sys",
 "libc",
 "system-deps",
]

[[package]]
name = "gst-face-swap"
version = "0.0.1"
dependencies = [
 "anyhow",
 "glib",
 "gst-plugin-version-helper",
 "gstreamer",
 "gstreamer-base",
 "gstreamer-video",
 "once_cell",
 "opencv",
]

[[package]]
name = "gst-plugin-version-helper"
version = "0.2.0"
source = "registry+https://github.com/rust-lang/crates.io-index"
checksum = "cc81ae3a09f23761eb3b122f50e5daedea4b44fdf8242ec133bc87aa8e24f9b8"
dependencies = [
 "chrono",
 "toml",
]

[[package]]
name = "gstreamer"
version = "0.16.3"
source = "registry+https://github.com/rust-lang/crates.io-index"
checksum = "566e1062d60c9df234da5051c970426d8351c8f3afc909f632fad995df1af956"
dependencies = [
 "bitflags",
 "cfg-if",
 "futures-channel",
 "futures-core",
 "futures-util",
 "glib",
 "glib-sys",
 "gobject-sys",
 "gstreamer-sys",
 "libc",
 "muldiv",
 "num-rational",
 "once_cell",
 "paste",
 "pretty-hex",
 "thiserror",
]

[[package]]
name = "gstreamer-base"
version = "0.16.3"
source = "registry+https://github.com/rust-lang/crates.io-index"
checksum = "082f83c11a9d568e94e3a29d9fb22bf86dda44becfd4ba1d18446766b678f07c"
dependencies = [
 "bitflags",
 "glib",
 "glib-sys",
 "gobject-sys",
 "gstreamer",
 "gstreamer-base-sys",
 "gstreamer-sys",
 "libc",
]

[[package]]
name = "gstreamer-base-sys"
version = "0.9.1"
source = "registry+https://github.com/rust-lang/crates.io-index"
checksum = "a4b7b6dc2d6e160a1ae28612f602bd500b3fa474ce90bf6bb2f08072682beef5"
dependencies = [
 "glib-sys",
 "gobject-sys",
 "gstreamer-sys",
 "libc",
 "system-deps",
]

[[package]]
name = "gstreamer-sys"
version = "0.9.1"
source = "registry+https://github.com/rust-lang/crates.io-index"
checksum = "fc1f154082d01af5718c5f8a8eb4f565a4ea5586ad8833a8fc2c2aa6844b601d"
dependencies = [
 "glib-sys",
 "gobject-sys",
 "libc",
 "system-deps",
]

[[package]]
name = "gstreamer-video"
version = "0.16.3"
source = "registry+https://github.com/rust-lang/crates.io-index"
checksum = "43631606b56dd1267dc67d412289646554120de23bf8a4504450df800b5344f4"
dependencies = [
 "bitflags",
 "futures-channel",
 "futures-util",
 "glib",
 "glib-sys",
 "gobject-sys",
 "gstreamer",
 "gstreamer-base",
 "gstreamer-base-sys",
 "gstreamer-sys",
 "gstreamer-video-sys",
 "libc",
 "once_cell",
]

[[package]]
name = "gstreamer-video-sys"
version = "0.9.1"
source = "registry+https://github.com/rust-lang/crates.io-index"
checksum = "92347e46438007d6a2386302125f62cb9df6769cdacb931af5c0f12c1ee21de4"
dependencies = [
 "glib-sys",
 "gobject-sys",
 "gstreamer-base-sys",
 "gstreamer-sys",
 "libc",
 "system-deps",
]

[[package]]
name = "heck"
version = "0.3.1"
source = "registry+https://github.com/rust-lang/crates.io-index"
checksum = "20564e78d53d2bb135c343b3f47714a56af2061f1c928fdb541dc7b9fdd94205"
dependencies = [
 "unicode-segmentation",
]

[[package]]
name = "itertools"
version = "0.9.0"
source = "registry+https://github.com/rust-lang/crates.io-index"
checksum = "284f18f85651fe11e8a991b2adb42cb078325c996ed026d994719efcfca1d54b"
dependencies = [
 "either",
]

[[package]]
name = "jobserver"
version = "0.1.21"
source = "registry+https://github.com/rust-lang/crates.io-index"
checksum = "5c71313ebb9439f74b00d9d2dcec36440beaf57a6aa0623068441dd7cd81a7f2"
dependencies = [
 "libc",
]

[[package]]
name = "lazy_static"
version = "1.4.0"
source = "registry+https://github.com/rust-lang/crates.io-index"
checksum = "e2abad23fbc42b3700f2f279844dc832adb2b2eb069b2df918f455c4e18cc646"

[[package]]
name = "libc"
version = "0.2.77"
source = "registry+https://github.com/rust-lang/crates.io-index"
checksum = "f2f96b10ec2560088a8e76961b00d47107b3a625fecb76dedb29ee7ccbf98235"

[[package]]
name = "maplit"
version = "1.0.2"
source = "registry+https://github.com/rust-lang/crates.io-index"
checksum = "3e2e65a1a2e43cfcb47a895c4c8b10d1f4a61097f9f254f183aee60cad9c651d"

[[package]]
name = "memchr"
version = "2.3.3"
source = "registry+https://github.com/rust-lang/crates.io-index"
checksum = "3728d817d99e5ac407411fa471ff9800a778d88a24685968b36824eaf4bee400"

[[package]]
name = "muldiv"
version = "0.2.1"
source = "registry+https://github.com/rust-lang/crates.io-index"
checksum = "0419348c027fa7be448d2ae7ea0e4e04c2334c31dc4e74ab29f00a2a7ca69204"

[[package]]
name = "num-integer"
version = "0.1.43"
source = "registry+https://github.com/rust-lang/crates.io-index"
checksum = "8d59457e662d541ba17869cf51cf177c0b5f0cbf476c66bdc90bf1edac4f875b"
dependencies = [
 "autocfg",
 "num-traits",
]

[[package]]
name = "num-rational"
version = "0.3.0"
source = "registry+https://github.com/rust-lang/crates.io-index"
checksum = "a5b4d7360f362cfb50dde8143501e6940b22f644be75a4cc90b2d81968908138"
dependencies = [
 "autocfg",
 "num-integer",
 "num-traits",
]

[[package]]
name = "num-traits"
version = "0.2.12"
source = "registry+https://github.com/rust-lang/crates.io-index"
checksum = "ac267bcc07f48ee5f8935ab0d24f316fb722d7a1292e2913f0cc196b29ffd611"
dependencies = [
 "autocfg",
]

[[package]]
name = "once_cell"
version = "1.4.1"
source = "registry+https://github.com/rust-lang/crates.io-index"
checksum = "260e51e7efe62b592207e9e13a68e43692a7a279171d6ba57abd208bf23645ad"

[[package]]
name = "opencv"
version = "0.46.0"
source = "registry+https://github.com/rust-lang/crates.io-index"
checksum = "3c6a9a05709b3cba34c59e4add4aea7ca157b98cc0d0f834c35ea47d26d33e6f"
dependencies = [
 "cc",
 "clang",
 "glob",
 "jobserver",
 "libc",
 "num-traits",
 "once_cell",
 "opencv-binding-generator",
 "pkg-config",
 "semver",
 "shlex",
 "vcpkg",
]

[[package]]
name = "opencv-binding-generator"
version = "0.21.0"
source = "registry+https://github.com/rust-lang/crates.io-index"
checksum = "4edbff9e6f161d74898de84f16a0f84e7f033d909848d6199c6bc613665837f9"
dependencies = [
 "clang",
 "clang-sys",
 "dunce",
 "maplit",
 "once_cell",
 "percent-encoding",
 "regex",
]

[[package]]
name = "paste"
version = "1.0.1"
source = "registry+https://github.com/rust-lang/crates.io-index"
checksum = "0520af26d4cf99643dbbe093a61507922b57232d9978d8491fdc8f7b44573c8c"

[[package]]
name = "percent-encoding"
version = "2.1.0"
source = "registry+https://github.com/rust-lang/crates.io-index"
checksum = "d4fd5641d01c8f18a23da7b6fe29298ff4b55afcccdf78973b24cf3175fee32e"

[[package]]
name = "pin-project"
version = "0.4.23"
source = "registry+https://github.com/rust-lang/crates.io-index"
checksum = "ca4433fff2ae79342e497d9f8ee990d174071408f28f726d6d83af93e58e48aa"
dependencies = [
 "pin-project-internal",
]

[[package]]
name = "pin-project-internal"
version = "0.4.23"
source = "registry+https://github.com/rust-lang/crates.io-index"
checksum = "2c0e815c3ee9a031fdf5af21c10aa17c573c9c6a566328d99e3936c34e36461f"
dependencies = [
 "proc-macro2",
 "quote",
 "syn",
]

[[package]]
name = "pin-utils"
version = "0.1.0"
source = "registry+https://github.com/rust-lang/crates.io-index"
checksum = "8b870d8c151b6f2fb93e84a13146138f05d02ed11c7e7c54f8826aaaf7c9f184"

[[package]]
name = "pkg-config"
version = "0.3.18"
source = "registry+https://github.com/rust-lang/crates.io-index"
checksum = "d36492546b6af1463394d46f0c834346f31548646f6ba10849802c9c9a27ac33"

[[package]]
name = "pretty-hex"
version = "0.2.1"
source = "registry+https://github.com/rust-lang/crates.io-index"
checksum = "bc5c99d529f0d30937f6f4b8a86d988047327bb88d04d2c4afc356de74722131"

[[package]]
name = "proc-macro-crate"
version = "0.1.5"
source = "registry+https://github.com/rust-lang/crates.io-index"
checksum = "1d6ea3c4595b96363c13943497db34af4460fb474a95c43f4446ad341b8c9785"
dependencies = [
 "toml",
]

[[package]]
name = "proc-macro-error"
version = "1.0.4"
source = "registry+https://github.com/rust-lang/crates.io-index"
checksum = "da25490ff9892aab3fcf7c36f08cfb902dd3e71ca0f9f9517bea02a73a5ce38c"
dependencies = [
 "proc-macro-error-attr",
 "proc-macro2",
 "quote",
 "syn",
 "version_check",
]

[[package]]
name = "proc-macro-error-attr"
version = "1.0.4"
source = "registry+https://github.com/rust-lang/crates.io-index"
checksum = "a1be40180e52ecc98ad80b184934baf3d0d29f979574e439af5a55274b35f869"
dependencies = [
 "proc-macro2",
 "quote",
 "version_check",
]

[[package]]
name = "proc-macro-hack"
version = "0.5.18"
source = "registry+https://github.com/rust-lang/crates.io-index"
checksum = "99c605b9a0adc77b7211c6b1f722dcb613d68d66859a44f3d485a6da332b0598"

[[package]]
name = "proc-macro-nested"
version = "0.1.6"
source = "registry+https://github.com/rust-lang/crates.io-index"
checksum = "eba180dafb9038b050a4c280019bbedf9f2467b61e5d892dcad585bb57aadc5a"

[[package]]
name = "proc-macro2"
version = "1.0.21"
source = "registry+https://github.com/rust-lang/crates.io-index"
checksum = "36e28516df94f3dd551a587da5357459d9b36d945a7c37c3557928c1c2ff2a2c"
dependencies = [
 "unicode-xid",
]

[[package]]
name = "quote"
version = "1.0.7"
source = "registry+https://github.com/rust-lang/crates.io-index"
checksum = "aa563d17ecb180e500da1cfd2b028310ac758de548efdd203e18f283af693f37"
dependencies = [
 "proc-macro2",
]

[[package]]
name = "regex"
version = "1.3.9"
source = "registry+https://github.com/rust-lang/crates.io-index"
checksum = "9c3780fcf44b193bc4d09f36d2a3c87b251da4a046c87795a0d35f4f927ad8e6"
dependencies = [
 "aho-corasick",
 "memchr",
 "regex-syntax",
 "thread_local",
]

[[package]]
name = "regex-syntax"
version = "0.6.18"
source = "registry+https://github.com/rust-lang/crates.io-index"
checksum = "26412eb97c6b088a6997e05f69403a802a92d520de2f8e63c2b65f9e0f47c4e8"

[[package]]
name = "semver"
version = "0.10.0"
source = "registry+https://github.com/rust-lang/crates.io-index"
checksum = "394cec28fa623e00903caf7ba4fa6fb9a0e260280bb8cdbbba029611108a0190"
dependencies = [
 "semver-parser",
]

[[package]]
name = "semver-parser"
version = "0.7.0"
source = "registry+https://github.com/rust-lang/crates.io-index"
checksum = "388a1df253eca08550bef6c72392cfe7c30914bf41df5269b68cbd6ff8f570a3"

[[package]]
name = "serde"
version = "1.0.116"
source = "registry+https://github.com/rust-lang/crates.io-index"
checksum = "96fe57af81d28386a513cbc6858332abc6117cfdb5999647c6444b8f43a370a5"

[[package]]
name = "shlex"
version = "0.1.1"
source = "registry+https://github.com/rust-lang/crates.io-index"
checksum = "7fdf1b9db47230893d76faad238fd6097fd6d6a9245cd7a4d90dbd639536bbd2"

[[package]]
name = "slab"
version = "0.4.2"
source = "registry+https://github.com/rust-lang/crates.io-index"
checksum = "c111b5bd5695e56cffe5129854aa230b39c93a305372fdbb2668ca2394eea9f8"

[[package]]
name = "strum"
version = "0.18.0"
source = "registry+https://github.com/rust-lang/crates.io-index"
checksum = "57bd81eb48f4c437cadc685403cad539345bf703d78e63707418431cecd4522b"

[[package]]
name = "strum_macros"
version = "0.18.0"
source = "registry+https://github.com/rust-lang/crates.io-index"
checksum = "87c85aa3f8ea653bfd3ddf25f7ee357ee4d204731f6aa9ad04002306f6e2774c"
dependencies = [
 "heck",
 "proc-macro2",
 "quote",
 "syn",
]

[[package]]
name = "syn"
version = "1.0.41"
source = "registry+https://github.com/rust-lang/crates.io-index"
checksum = "6690e3e9f692504b941dc6c3b188fd28df054f7fb8469ab40680df52fdcc842b"
dependencies = [
 "proc-macro2",
 "quote",
 "unicode-xid",
]

[[package]]
name = "system-deps"
version = "1.3.2"
source = "registry+https://github.com/rust-lang/crates.io-index"
checksum = "0f3ecc17269a19353b3558b313bba738b25d82993e30d62a18406a24aba4649b"
dependencies = [
 "heck",
 "pkg-config",
 "strum",
 "strum_macros",
 "thiserror",
 "toml",
 "version-compare",
]

[[package]]
name = "thiserror"
version = "1.0.20"
source = "registry+https://github.com/rust-lang/crates.io-index"
checksum = "7dfdd070ccd8ccb78f4ad66bf1982dc37f620ef696c6b5028fe2ed83dd3d0d08"
dependencies = [
 "thiserror-impl",
]

[[package]]
name = "thiserror-impl"
version = "1.0.20"
source = "registry+https://github.com/rust-lang/crates.io-index"
checksum = "bd80fc12f73063ac132ac92aceea36734f04a1d93c1240c6944e23a3b8841793"
dependencies = [
 "proc-macro2",
 "quote",
 "syn",
]

[[package]]
name = "thread_local"
version = "1.0.1"
source = "registry+https://github.com/rust-lang/crates.io-index"
checksum = "d40c6d1b69745a6ec6fb1ca717914848da4b44ae29d9b3080cbee91d72a69b14"
dependencies = [
 "lazy_static",
]

[[package]]
name = "time"
version = "0.1.44"
source = "registry+https://github.com/rust-lang/crates.io-index"
checksum = "6db9e6914ab8b1ae1c260a4ae7a49b6c5611b40328a735b21862567685e73255"
dependencies = [
 "libc",
 "wasi",
 "winapi",
]

[[package]]
name = "toml"
version = "0.5.6"
source = "registry+https://github.com/rust-lang/crates.io-index"
checksum = "ffc92d160b1eef40665be3a05630d003936a3bc7da7421277846c2613e92c71a"
dependencies = [
 "serde",
]

[[package]]
name = "unicode-segmentation"
version = "1.6.0"
source = "registry+https://github.com/rust-lang/crates.io-index"
checksum = "e83e153d1053cbb5a118eeff7fd5be06ed99153f00dbcd8ae310c5fb2b22edc0"

[[package]]
name = "unicode-xid"
version = "0.2.1"
source = "registry+https://github.com/rust-lang/crates.io-index"
checksum = "f7fe0bb3479651439c9112f72b6c505038574c9fbb575ed1bf3b797fa39dd564"

[[package]]
name = "vcpkg"
version = "0.2.10"
source = "registry+https://github.com/rust-lang/crates.io-index"
checksum = "6454029bf181f092ad1b853286f23e2c507d8e8194d01d92da4a55c274a5508c"

[[package]]
name = "version-compare"
version = "0.0.10"
source = "registry+https://github.com/rust-lang/crates.io-index"
checksum = "d63556a25bae6ea31b52e640d7c41d1ab27faba4ccb600013837a3d0b3994ca1"

[[package]]
name = "version_check"
version = "0.9.2"
source = "registry+https://github.com/rust-lang/crates.io-index"
checksum = "b5a972e5669d67ba988ce3dc826706fb0a8b01471c088cb0b6110b805cc36aed"

[[package]]
name = "wasi"
version = "0.10.0+wasi-snapshot-preview1"
source = "registry+https://github.com/rust-lang/crates.io-index"
checksum = "1a143597ca7c7793eff794def352d41792a93c481eb1042423ff7ff72ba2c31f"

[[package]]
name = "winapi"
version = "0.3.9"
source = "registry+https://github.com/rust-lang/crates.io-index"
checksum = "5c839a674fcd7a98952e593242ea400abe93992746761e38641405d28b00f419"
dependencies = [
 "winapi-i686-pc-windows-gnu",
 "winapi-x86_64-pc-windows-gnu",
]

[[package]]
name = "winapi-i686-pc-windows-gnu"
version = "0.4.0"
source = "registry+https://github.com/rust-lang/crates.io-index"
checksum = "ac3b87c63620426dd9b991e5ce0329eff545bccbbb34f3be09ff6fb6ab51b7b6"

[[package]]
name = "winapi-x86_64-pc-windows-gnu"
version = "0.4.0"
source = "registry+https://github.com/rust-lang/crates.io-index"
checksum = "712e227841d057c1ee1cd2fb22fa7e5a5461ae8e48fa2ca79ec42cfc1931183f"
